# This file is generated by running "yarn install" inside your project.
# Manual changes might be lost - proceed with caution!

__metadata:
  version: 6
  cacheKey: 8

"@blimu/backend@workspace:*, @blimu/backend@workspace:packages/backend":
  version: 0.0.0-use.local
  resolution: "@blimu/backend@workspace:packages/backend"
  bin:
    blimu: ./bin/blimu
  languageName: unknown
  linkType: soft

"@blimu/nestjs@workspace:packages/nestjs":
  version: 0.0.0-use.local
  resolution: "@blimu/nestjs@workspace:packages/nestjs"
  dependencies:
    "@blimu/backend": "workspace:*"
    "@nestjs/common": ">=10.0.0"
    "@nestjs/core": ">=10.0.0"
    "@types/node": ">=24.0.0"
    reflect-metadata: ">=0.1.13"
    rxjs: ">=7.0.0"
    typescript: ">=5.9.3"
  peerDependencies:
    "@blimu/backend": ">=0.1.0"
    "@nestjs/common": ">=10.0.0"
    "@nestjs/core": ">=10.0.0"
    reflect-metadata: ">=0.1.13"
    rxjs: ">=7.0.0"
  languageName: unknown
  linkType: soft

"@borewit/text-codec@npm:^0.1.0":
  version: 0.1.1
  resolution: "@borewit/text-codec@npm:0.1.1"
  checksum: 94c1fef259292d77c98ad1c2ffa66e366d752153962d37a7999489ada9632a9d36d3fe291759791705b1f501e33cd7b65128d193e0ca8a955107fe5cd8fde548
  languageName: node
  linkType: hard

"@lukeed/csprng@npm:^1.0.0":
  version: 1.1.0
  resolution: "@lukeed/csprng@npm:1.1.0"
  checksum: 926f5f7fc629470ca9a8af355bfcd0271d34535f7be3890f69902432bddc3262029bb5dbe9025542cf6c9883d878692eef2815fc2f3ba5b92e9da1f9eba2e51b
  languageName: node
  linkType: hard

"@nestjs/common@npm:>=10.0.0":
  version: 11.1.9
  resolution: "@nestjs/common@npm:11.1.9"
  dependencies:
    file-type: 21.1.0
    iterare: 1.2.1
    load-esm: 1.0.3
    tslib: 2.8.1
    uid: 2.0.2
  peerDependencies:
    class-transformer: ">=0.4.1"
    class-validator: ">=0.13.2"
    reflect-metadata: ^0.1.12 || ^0.2.0
    rxjs: ^7.1.0
  peerDependenciesMeta:
    class-transformer:
      optional: true
    class-validator:
      optional: true
  checksum: 7bb19c71e8c8a17b2b760571abe212aed74073d6e35de76d08d89bd292f512850aaa370560168c26aa28c36987e4b8e6f333f61c10372955698c96f8f5dffaef
  languageName: node
  linkType: hard

"@nestjs/core@npm:>=10.0.0":
  version: 11.1.9
  resolution: "@nestjs/core@npm:11.1.9"
  dependencies:
    "@nuxt/opencollective": 0.4.1
    fast-safe-stringify: 2.1.1
    iterare: 1.2.1
    path-to-regexp: 8.3.0
    tslib: 2.8.1
    uid: 2.0.2
  peerDependencies:
    "@nestjs/common": ^11.0.0
    "@nestjs/microservices": ^11.0.0
    "@nestjs/platform-express": ^11.0.0
    "@nestjs/websockets": ^11.0.0
    reflect-metadata: ^0.1.12 || ^0.2.0
    rxjs: ^7.1.0
  peerDependenciesMeta:
    "@nestjs/microservices":
      optional: true
    "@nestjs/platform-express":
      optional: true
    "@nestjs/websockets":
      optional: true
  checksum: 2a60ff1b5291292542ad2448d7cb52a44388f514ad941dcf46baf1fb14ab184fd8274a67872a2c16601c8c912286730062d17964243e0dc6c2e6329f5dc5d904
  languageName: node
  linkType: hard

"@nuxt/opencollective@npm:0.4.1":
  version: 0.4.1
  resolution: "@nuxt/opencollective@npm:0.4.1"
  dependencies:
    consola: ^3.2.3
  bin:
    opencollective: bin/opencollective.js
  checksum: 9b1da2cbde2dc643b5b10961c74157c1f21d19e5b06b674cdd60071fd9f0ddfdabc8f7ef74bd88e21cdbbb5fc8f16fc9e190ee9de6bc4adb32fa3b6c98fb1bc5
  languageName: node
  linkType: hard

"@tokenizer/inflate@npm:^0.3.1":
  version: 0.3.1
  resolution: "@tokenizer/inflate@npm:0.3.1"
  dependencies:
    debug: ^4.4.1
    fflate: ^0.8.2
    token-types: ^6.0.0
  checksum: 1fa978311446fc930cb1bc36333838beb637b44fb1274a5fb93c6ba24f8975bd442b4248d1b05d19be7d5f2a6c760764e1c62cbe3bef42017c830dc87f46d6b4
  languageName: node
  linkType: hard

"@tokenizer/token@npm:^0.3.0":
  version: 0.3.0
  resolution: "@tokenizer/token@npm:0.3.0"
  checksum: 1d575d02d2a9f0c5a4ca5180635ebd2ad59e0f18b42a65f3d04844148b49b3db35cf00b6012a1af2d59c2ab3caca59451c5689f747ba8667ee586ad717ee58e1
  languageName: node
  linkType: hard

"@types/node@npm:>=24.0.0":
  version: 24.10.1
  resolution: "@types/node@npm:24.10.1"
  dependencies:
    undici-types: ~7.16.0
  checksum: c2f370ae7a97c04991e0eee6b57e588a2abef0814a5f6e41fda5a9200cf02ae6654fad51c8372ee203ae4134bab80f5bf441c586f7f50e0fda3ba422f35eb3c0
  languageName: node
  linkType: hard

"blimu-ts-monorepo@workspace:.":
  version: 0.0.0-use.local
  resolution: "blimu-ts-monorepo@workspace:."
  dependencies:
    prettier: ^3.0.0
    typescript: ^5.9.3
  languageName: unknown
  linkType: soft

"consola@npm:^3.2.3":
  version: 3.4.2
  resolution: "consola@npm:3.4.2"
  checksum: 32d1339e0505842f033ca34cb4572a841281caa367f438b785d3b284ab2a06134f009e605908480402c5f57f56c1e3210090c37e6417923416f76ce730d39361
  languageName: node
  linkType: hard

"debug@npm:^4.4.1":
  version: 4.4.3
  resolution: "debug@npm:4.4.3"
  dependencies:
    ms: ^2.1.3
  peerDependenciesMeta:
    supports-color:
      optional: true
  checksum: 4805abd570e601acdca85b6aa3757186084a45cff9b2fa6eee1f3b173caa776b45f478b2a71a572d616d2010cea9211d0ac4a02a610e4c18ac4324bde3760834
  languageName: node
  linkType: hard

"fast-safe-stringify@npm:2.1.1":
  version: 2.1.1
  resolution: "fast-safe-stringify@npm:2.1.1"
  checksum: a851cbddc451745662f8f00ddb622d6766f9bd97642dabfd9a405fb0d646d69fc0b9a1243cbf67f5f18a39f40f6fa821737651ff1bceeba06c9992ca2dc5bd3d
  languageName: node
  linkType: hard

"fflate@npm:^0.8.2":
  version: 0.8.2
  resolution: "fflate@npm:0.8.2"
  checksum: 29470337b85d3831826758e78f370e15cda3169c5cd4477c9b5eea2402261a74b2975bae816afabe1c15d21d98591e0d30a574f7103aa117bff60756fa3035d4
  languageName: node
  linkType: hard

"file-type@npm:21.1.0":
  version: 21.1.0
  resolution: "file-type@npm:21.1.0"
  dependencies:
    "@tokenizer/inflate": ^0.3.1
    strtok3: ^10.3.1
    token-types: ^6.0.0
    uint8array-extras: ^1.4.0
  checksum: 56faa23841708e59a954e700d24137cf8e78ebd63611c15e7dca4daffe3639e4eda416e7f9a5b757ebc1e3e90c7573a2efb70c3b5543f4f443f1c6e3c3003806
  languageName: node
  linkType: hard

"ieee754@npm:^1.2.1":
  version: 1.2.1
  resolution: "ieee754@npm:1.2.1"
  checksum: 5144c0c9815e54ada181d80a0b810221a253562422e7c6c3a60b1901154184f49326ec239d618c416c1c5945a2e197107aee8d986a3dd836b53dffefd99b5e7e
  languageName: node
  linkType: hard

"iterare@npm:1.2.1":
  version: 1.2.1
  resolution: "iterare@npm:1.2.1"
  checksum: 70bc80038e3718aa9072bc63b3a0135166d7120bde46bfcaf80a88d11005dcef1b2d69cd353849f87a3f58ba8f546a8c6e6983408236ff01fa50b52339ee5223
  languageName: node
  linkType: hard

"load-esm@npm:1.0.3":
  version: 1.0.3
  resolution: "load-esm@npm:1.0.3"
  checksum: 6949e8c253dddccca2a0ded1e9e0bbbc81924439d99e3a7d0f946ba6cdcd16de22c3cef28d997fd950befda0826ca65c3f913d9ba893d50e9cfc0bbd9a2a1e90
  languageName: node
  linkType: hard

"ms@npm:^2.1.3":
  version: 2.1.3
  resolution: "ms@npm:2.1.3"
  checksum: aa92de608021b242401676e35cfa5aa42dd70cbdc082b916da7fb925c542173e36bce97ea3e804923fe92c0ad991434e4a38327e15a1b5b5f945d66df615ae6d
  languageName: node
  linkType: hard

"path-to-regexp@npm:8.3.0":
  version: 8.3.0
  resolution: "path-to-regexp@npm:8.3.0"
  checksum: 73e0d3db449f9899692b10be8480bbcfa294fd575be2d09bce3e63f2f708d1fccd3aaa8591709f8b82062c528df116e118ff9df8f5c52ccc4c2443a90be73e10
  languageName: node
  linkType: hard

"prettier@npm:^3.0.0":
  version: 3.6.2
  resolution: "prettier@npm:3.6.2"
  bin:
    prettier: bin/prettier.cjs
  checksum: 0206f5f437892e8858f298af8850bf9d0ef1c22e21107a213ba56bfb9c2387a2020bfda244a20161d8e3dad40c6b04101609a55d370dece53d0a31893b64f861
  languageName: node
  linkType: hard

"reflect-metadata@npm:>=0.1.13":
  version: 0.2.2
  resolution: "reflect-metadata@npm:0.2.2"
  checksum: a66c7b583e4efdd8f3c3124fbff33da2d0c86d8280617516308b32b2159af7a3698c961db3246387f56f6316b1d33a608f39bb2b49d813316dfc58f6d3bf3210
  languageName: node
  linkType: hard

"rxjs@npm:>=7.0.0":
  version: 7.8.2
  resolution: "rxjs@npm:7.8.2"
  dependencies:
    tslib: ^2.1.0
  checksum: 2f233d7c832a6c255dabe0759014d7d9b1c9f1cb2f2f0d59690fd11c883c9826ea35a51740c06ab45b6ade0d9087bde9192f165cba20b6730d344b831ef80744
  languageName: node
  linkType: hard

"strtok3@npm:^10.3.1":
  version: 10.3.4
  resolution: "strtok3@npm:10.3.4"
  dependencies:
    "@tokenizer/token": ^0.3.0
  checksum: 7faf008cdf7f96c3d066d349116affbd5e5a49da0f03520299a9a04ad55d57b338d368231d469a64d358a86a03c2a0a3b67d61aa124000c941f65093ada9ae98
  languageName: node
  linkType: hard

"token-types@npm:^6.0.0":
  version: 6.1.1
  resolution: "token-types@npm:6.1.1"
  dependencies:
    "@borewit/text-codec": ^0.1.0
    "@tokenizer/token": ^0.3.0
    ieee754: ^1.2.1
  checksum: a4d79dfa5bdfe546d28d8ba1374b7e77ceb2da7b44ce13c643d5af06e37aac26e0e6ec59a7d4b1ecfbfc78c13baca00f36fc6f1bb8e8a1f050465340f61d2df7
  languageName: node
  linkType: hard

"tslib@npm:2.8.1, tslib@npm:^2.1.0":
  version: 2.8.1
  resolution: "tslib@npm:2.8.1"
  checksum: e4aba30e632b8c8902b47587fd13345e2827fa639e7c3121074d5ee0880723282411a8838f830b55100cbe4517672f84a2472667d355b81e8af165a55dc6203a
  languageName: node
  linkType: hard

"typescript@npm:>=5.9.3, typescript@npm:^5.9.3":
  version: 5.9.3
  resolution: "typescript@npm:5.9.3"
  bin:
    tsc: bin/tsc
    tsserver: bin/tsserver
  checksum: 0d0ffb84f2cd072c3e164c79a2e5a1a1f4f168e84cb2882ff8967b92afe1def6c2a91f6838fb58b168428f9458c57a2ba06a6737711fdd87a256bbe83e9a217f
  languageName: node
  linkType: hard

"typescript@patch:typescript@>=5.9.3#~builtin<compat/typescript>, typescript@patch:typescript@^5.9.3#~builtin<compat/typescript>":
  version: 5.9.3
  resolution: "typescript@patch:typescript@npm%3A5.9.3#~builtin<compat/typescript>::version=5.9.3&hash=5786d5"
  bin:
    tsc: bin/tsc
    tsserver: bin/tsserver
  checksum: a5a6dc399d3761ded54192031f11d3ad5df8001c7febe3fbbc8098efcb552cdf8f2f402b3618c56dafcd04fef63dee005f4900f608e185404caedc46480539ed
  languageName: node
  linkType: hard

"uid@npm:2.0.2":
  version: 2.0.2
  resolution: "uid@npm:2.0.2"
  dependencies:
    "@lukeed/csprng": ^1.0.0
  checksum: 98aabddcd6fe46f9b331b0378a93ee9cc51474348ada02006df9d10b4abc783ed596748ed9f20d7f6c5ff395dbcd1e764a65a68db6f39a31c95ae85ef13fe979
  languageName: node
  linkType: hard

"uint8array-extras@npm:^1.4.0":
  version: 1.5.0
  resolution: "uint8array-extras@npm:1.5.0"
  checksum: e7fb42b57e73a5891fe3d5358ca6ac2e2db8e8666b1621220319e2dd0523965cd35562a8171c3e9b2ff26693cc658dc5bc1256e6f4935e4e4c13070d779bf76e
  languageName: node
  linkType: hard

"undici-types@npm:~7.16.0":
  version: 7.16.0
  resolution: "undici-types@npm:7.16.0"
  checksum: 1ef68fc6c5bad200c8b6f17de8e5bc5cfdcadc164ba8d7208cd087cfa8583d922d8316a7fd76c9a658c22b4123d3ff847429185094484fbc65377d695c905857
  languageName: node
  linkType: hard
